
Microsoft Visual Studio Solution File, Format Version 12.00
# Visual Studio Version 17
VisualStudioVersion = 17.7.33808.371
MinimumVisualStudioVersion = 10.0.40219.1
Project("{FAE04EC0-301F-11D3-BF4B-00C04F79EFBC}") = "XMLParser", "XMLParser\XMLParser.csproj", "{746EA8F1-46C8-4D18-99BB-04DD3A6BFC14}"
EndProject
Global
	GlobalSection(SolutionConfigurationPlatforms) = preSolution
		Debug|Any CPU = Debug|Any CPU
		Release|Any CPU = Release|Any CPU
	EndGlobalSection
	GlobalSection(ProjectConfigurationPlatforms) = postSolution
		{746EA8F1-46C8-4D18-99BB-04DD3A6BFC14}.Debug|Any CPU.ActiveCfg = Debug|Any CPU
		{746EA8F1-46C8-4D18-99BB-04DD3A6BFC14}.Debug|Any CPU.Build.0 = Debug|Any CPU
		{746EA8F1-46C8-4D18-99BB-04DD3A6BFC14}.Release|Any CPU.ActiveCfg = Release|Any CPU
		{746EA8F1-46C8-4D18-99BB-04DD3A6BFC14}.Release|Any CPU.Build.0 = Release|Any CPU
	EndGlobalSection
	GlobalSection(SolutionProperties) = preSolution
		HideSolutionNode = FALSE
	EndGlobalSection
	GlobalSection(ExtensibilityGlobals) = postSolution
		SolutionGuid = {36C6ACB1-7121-4F20-8357-6B65BA63BD9A}
	EndGlobalSection
EndGlobal
